
Microsoft Visual Studio Solution File, Format Version 12.00
# Visual Studio Version 17
VisualStudioVersion = 17.8.34309.116
MinimumVisualStudioVersion = 10.0.40219.1
Project("{FAE04EC0-301F-11D3-BF4B-00C04F79EFBC}") = "party-helperbe", "party-helperbe\party-helperbe.csproj", "{3E05AB06-62E5-4FD6-9AD4-D11FC42876E5}"
EndProject
Global
	GlobalSection(SolutionConfigurationPlatforms) = preSolution
		Debug|Any CPU = Debug|Any CPU
		Release|Any CPU = Release|Any CPU
	EndGlobalSection
	GlobalSection(ProjectConfigurationPlatforms) = postSolution
		{3E05AB06-62E5-4FD6-9AD4-D11FC42876E5}.Debug|Any CPU.ActiveCfg = Debug|Any CPU
		{3E05AB06-62E5-4FD6-9AD4-D11FC42876E5}.Debug|Any CPU.Build.0 = Debug|Any CPU
		{3E05AB06-62E5-4FD6-9AD4-D11FC42876E5}.Release|Any CPU.ActiveCfg = Release|Any CPU
		{3E05AB06-62E5-4FD6-9AD4-D11FC42876E5}.Release|Any CPU.Build.0 = Release|Any CPU
	EndGlobalSection
	GlobalSection(SolutionProperties) = preSolution
		HideSolutionNode = FALSE
	EndGlobalSection
	GlobalSection(ExtensibilityGlobals) = postSolution
		SolutionGuid = {C8093057-0139-4A28-889E-5FD0EF315996}
	EndGlobalSection
EndGlobal
